<Solution>
  <Folder Name="/docs/">
    <File Path="../../Users/islam/Downloads/doc.md" />
  </Folder>
  <Folder Name="/src/">
    <Project Path="src/DHSIntegrationAgent.Adapters/DHSIntegrationAgent.Adapters.csproj" />
    <Project Path="src/DHSIntegrationAgent.App/DHSIntegrationAgent.App.csproj" />
    <Project Path="src/DHSIntegrationAgent.Application/DHSIntegrationAgent.Application.csproj" />
    <Project Path="src/DHSIntegrationAgent.Bootstrapper/DHSIntegrationAgent.Bootstrapper.csproj" />
    <Project Path="src/DHSIntegrationAgent.Contracts/DHSIntegrationAgent.Contracts.csproj" />
    <Project Path="src/DHSIntegrationAgent.Domain/DHSIntegrationAgent.Domain.csproj" />
    <Project Path="src/DHSIntegrationAgent.Infrastructure/DHSIntegrationAgent.Infrastructure.csproj" />
    <Project Path="src/DHSIntegrationAgent.Workers/DHSIntegrationAgent.Workers.csproj" />
  </Folder>
  <Folder Name="/tests/">
    <Project Path="tests/DHSIntegrationAgent.Tests.Integration/DHSIntegrationAgent.Tests.Integration.csproj" />
    <Project Path="tests/DHSIntegrationAgent.Tests.Unit/DHSIntegrationAgent.Tests.Unit.csproj" />
  </Folder>
</Solution>
